
Microsoft Visual Studio Solution File, Format Version 12.00
# Visual Studio 15
VisualStudioVersion = 15.0.27703.2035
MinimumVisualStudioVersion = 10.0.40219.1
Project("{FAE04EC0-301F-11D3-BF4B-00C04F79EFBC}") = "Empower.Mvc", "Empower.Mvc\Empower.Mvc.csproj", "{83EB7AEF-1255-4E89-ABEB-F5C9CABB663C}"
EndProject
Global
	GlobalSection(SolutionConfigurationPlatforms) = preSolution
		Debug|Any CPU = Debug|Any CPU
		Release|Any CPU = Release|Any CPU
	EndGlobalSection
	GlobalSection(ProjectConfigurationPlatforms) = postSolution
		{83EB7AEF-1255-4E89-ABEB-F5C9CABB663C}.Debug|Any CPU.ActiveCfg = Debug|Any CPU
		{83EB7AEF-1255-4E89-ABEB-F5C9CABB663C}.Debug|Any CPU.Build.0 = Debug|Any CPU
		{83EB7AEF-1255-4E89-ABEB-F5C9CABB663C}.Release|Any CPU.ActiveCfg = Release|Any CPU
		{83EB7AEF-1255-4E89-ABEB-F5C9CABB663C}.Release|Any CPU.Build.0 = Release|Any CPU
	EndGlobalSection
	GlobalSection(SolutionProperties) = preSolution
		HideSolutionNode = FALSE
	EndGlobalSection
	GlobalSection(ExtensibilityGlobals) = postSolution
		SolutionGuid = {A29F3306-C432-4694-9935-4611A734D939}
	EndGlobalSection
EndGlobal
